
Microsoft Visual Studio Solution File, Format Version 12.00
# Visual Studio 15
VisualStudioVersion = 15.0.28307.271
MinimumVisualStudioVersion = 10.0.40219.1
Project("{9A19103F-16F7-4668-BE54-9A1E7A4F7556}") = "eshop", "eshop\eshop.csproj", "{25E0E882-C3FF-4F8D-98CC-F26A692FA019}"
EndProject
Project("{9A19103F-16F7-4668-BE54-9A1E7A4F7556}") = "eshop.Persistence", "eshop.Persistence\eshop.Persistence.csproj", "{DFB8C26C-9EC3-48F4-9E10-94EA4A902353}"
EndProject
Project("{9A19103F-16F7-4668-BE54-9A1E7A4F7556}") = "eshop.Common", "eshop.Common\eshop.Common.csproj", "{4B488F70-FE0A-4BB8-9B83-A399F790DA81}"
EndProject
Project("{9A19103F-16F7-4668-BE54-9A1E7A4F7556}") = "eshopService", "eshopService\eshopService.csproj", "{12000FD4-51DD-4746-84CD-D5660BECB3F0}"
EndProject
Global
	GlobalSection(SolutionConfigurationPlatforms) = preSolution
		Debug|Any CPU = Debug|Any CPU
		Release|Any CPU = Release|Any CPU
	EndGlobalSection
	GlobalSection(ProjectConfigurationPlatforms) = postSolution
		{25E0E882-C3FF-4F8D-98CC-F26A692FA019}.Debug|Any CPU.ActiveCfg = Debug|Any CPU
		{25E0E882-C3FF-4F8D-98CC-F26A692FA019}.Debug|Any CPU.Build.0 = Debug|Any CPU
		{25E0E882-C3FF-4F8D-98CC-F26A692FA019}.Release|Any CPU.ActiveCfg = Release|Any CPU
		{25E0E882-C3FF-4F8D-98CC-F26A692FA019}.Release|Any CPU.Build.0 = Release|Any CPU
		{DFB8C26C-9EC3-48F4-9E10-94EA4A902353}.Debug|Any CPU.ActiveCfg = Debug|Any CPU
		{DFB8C26C-9EC3-48F4-9E10-94EA4A902353}.Debug|Any CPU.Build.0 = Debug|Any CPU
		{DFB8C26C-9EC3-48F4-9E10-94EA4A902353}.Release|Any CPU.ActiveCfg = Release|Any CPU
		{DFB8C26C-9EC3-48F4-9E10-94EA4A902353}.Release|Any CPU.Build.0 = Release|Any CPU
		{4B488F70-FE0A-4BB8-9B83-A399F790DA81}.Debug|Any CPU.ActiveCfg = Debug|Any CPU
		{4B488F70-FE0A-4BB8-9B83-A399F790DA81}.Debug|Any CPU.Build.0 = Debug|Any CPU
		{4B488F70-FE0A-4BB8-9B83-A399F790DA81}.Release|Any CPU.ActiveCfg = Release|Any CPU
		{4B488F70-FE0A-4BB8-9B83-A399F790DA81}.Release|Any CPU.Build.0 = Release|Any CPU
		{12000FD4-51DD-4746-84CD-D5660BECB3F0}.Debug|Any CPU.ActiveCfg = Debug|Any CPU
		{12000FD4-51DD-4746-84CD-D5660BECB3F0}.Debug|Any CPU.Build.0 = Debug|Any CPU
		{12000FD4-51DD-4746-84CD-D5660BECB3F0}.Release|Any CPU.ActiveCfg = Release|Any CPU
		{12000FD4-51DD-4746-84CD-D5660BECB3F0}.Release|Any CPU.Build.0 = Release|Any CPU
	EndGlobalSection
	GlobalSection(SolutionProperties) = preSolution
		HideSolutionNode = FALSE
	EndGlobalSection
	GlobalSection(ExtensibilityGlobals) = postSolution
		SolutionGuid = {7500E421-1C7E-41C7-8A96-2A6E3683B5A4}
	EndGlobalSection
EndGlobal
